
Microsoft Visual Studio Solution File, Format Version 12.00
# Visual Studio Version 16
VisualStudioVersion = 16.0.30611.23
MinimumVisualStudioVersion = 10.0.40219.1
Project("{9A19103F-16F7-4668-BE54-9A1E7A4F7556}") = "AAA_Task_1", "TrainingPractice_01\AAA_Task_1.csproj", "{558EF3EB-4E28-44FE-A66B-9D65A2F3185C}"
EndProject
Project("{9A19103F-16F7-4668-BE54-9A1E7A4F7556}") = "AAA_Task_2", "AAA_Task_2\AAA_Task_2.csproj", "{A4A5DAE0-570C-4CB2-95C2-0E6528A5A5DE}"
EndProject
Project("{FAE04EC0-301F-11D3-BF4B-00C04F79EFBC}") = "AAA_Task_3", "AAA_Task_3\AAA_Task_3.csproj", "{189F897A-1264-4B51-B442-C812BFA1DBA4}"
EndProject
Project("{FAE04EC0-301F-11D3-BF4B-00C04F79EFBC}") = "AAA_Task_4", "AAA_Task_4\AAA_Task_4.csproj", "{560EB98D-140B-4305-915E-8BF94FC1773E}"
EndProject
Global
	GlobalSection(SolutionConfigurationPlatforms) = preSolution
		Debug|Any CPU = Debug|Any CPU
		Release|Any CPU = Release|Any CPU
	EndGlobalSection
	GlobalSection(ProjectConfigurationPlatforms) = postSolution
		{558EF3EB-4E28-44FE-A66B-9D65A2F3185C}.Debug|Any CPU.ActiveCfg = Debug|Any CPU
		{558EF3EB-4E28-44FE-A66B-9D65A2F3185C}.Debug|Any CPU.Build.0 = Debug|Any CPU
		{558EF3EB-4E28-44FE-A66B-9D65A2F3185C}.Release|Any CPU.ActiveCfg = Release|Any CPU
		{558EF3EB-4E28-44FE-A66B-9D65A2F3185C}.Release|Any CPU.Build.0 = Release|Any CPU
		{A4A5DAE0-570C-4CB2-95C2-0E6528A5A5DE}.Debug|Any CPU.ActiveCfg = Debug|Any CPU
		{A4A5DAE0-570C-4CB2-95C2-0E6528A5A5DE}.Debug|Any CPU.Build.0 = Debug|Any CPU
		{A4A5DAE0-570C-4CB2-95C2-0E6528A5A5DE}.Release|Any CPU.ActiveCfg = Release|Any CPU
		{A4A5DAE0-570C-4CB2-95C2-0E6528A5A5DE}.Release|Any CPU.Build.0 = Release|Any CPU
		{189F897A-1264-4B51-B442-C812BFA1DBA4}.Debug|Any CPU.ActiveCfg = Debug|Any CPU
		{189F897A-1264-4B51-B442-C812BFA1DBA4}.Debug|Any CPU.Build.0 = Debug|Any CPU
		{189F897A-1264-4B51-B442-C812BFA1DBA4}.Release|Any CPU.ActiveCfg = Release|Any CPU
		{189F897A-1264-4B51-B442-C812BFA1DBA4}.Release|Any CPU.Build.0 = Release|Any CPU
		{560EB98D-140B-4305-915E-8BF94FC1773E}.Debug|Any CPU.ActiveCfg = Debug|Any CPU
		{560EB98D-140B-4305-915E-8BF94FC1773E}.Debug|Any CPU.Build.0 = Debug|Any CPU
		{560EB98D-140B-4305-915E-8BF94FC1773E}.Release|Any CPU.ActiveCfg = Release|Any CPU
		{560EB98D-140B-4305-915E-8BF94FC1773E}.Release|Any CPU.Build.0 = Release|Any CPU
	EndGlobalSection
	GlobalSection(SolutionProperties) = preSolution
		HideSolutionNode = FALSE
	EndGlobalSection
	GlobalSection(ExtensibilityGlobals) = postSolution
		SolutionGuid = {75A55CA1-E834-4EB3-89D0-EDAFD51FC556}
	EndGlobalSection
EndGlobal
